github.com/MatProGo-dev/SymbolicMath.go v0.2.4-1 h1:SIj6oFJgavWtArs8toeHCPfxOefGMplWSkNvlR9P2Ac=
github.com/MatProGo-dev/SymbolicMath.go v0.2.4-1/go.mod h1:tW8thj4pkaTV9lFNU3OCKmwQ3mZ2Eim6S4JpHRDfRvU=
github.com/MatProGo-dev/SymbolicMath.go v0.2.4 h1:SxvgOJBpx9H6ZHISyF3A79gOd1pHJd8Nywrqf4sJZTs=
github.com/MatProGo-dev/SymbolicMath.go v0.2.4/go.mod h1:tW8thj4pkaTV9lFNU3OCKmwQ3mZ2Eim6S4JpHRDfRvU=
github.com/MatProGo-dev/SymbolicMath.go v0.2.5 h1:fGpwtywb2hUXvGKk1Te6PQEfHeVar5w05KTbc3wHj6A=
github.com/MatProGo-dev/SymbolicMath.go v0.2.5/go.mod h1:tW8thj4pkaTV9lFNU3OCKmwQ3mZ2Eim6S4JpHRDfRvU=
gonum.org/v1/gonum v0.16.0 h1:5+ul4Swaf3ESvrOnidPp4GZbzf0mxVQpDCYUQE7OJfk=
gonum.org/v1/gonum v0.16.0/go.mod h1:fef3am4MQ93R2HHpKnLk4/Tbh/s0+wqD5nfa6Pnwy4E=
